
Microsoft Visual Studio Solution File, Format Version 12.00
# Visual Studio Version 17
VisualStudioVersion = 17.0.31903.59
MinimumVisualStudioVersion = 10.0.40219.1
Project("{2150E333-8FDC-42A3-9474-1A3956D46DE8}") = "src", "src", "{CD1BD126-F433-F6D4-4D6A-35C28CA08962}"
EndProject
Project("{FAE04EC0-301F-11D3-BF4B-00C04F79EFBC}") = "Gherkin.Generator.Lib", "src\Lib\Gherkin.Generator.Lib.csproj", "{254312DE-822D-4228-9AEB-AA384BAF1300}"
EndProject
Project("{2150E333-8FDC-42A3-9474-1A3956D46DE8}") = "tests", "tests", "{0AB3BF05-4346-4AA6-1389-037BE0695223}"
EndProject
Project("{2150E333-8FDC-42A3-9474-1A3956D46DE8}") = "Unit", "Unit", "{9D556B49-86D1-93A7-9596-FFAAB74EC556}"
EndProject
Project("{FAE04EC0-301F-11D3-BF4B-00C04F79EFBC}") = "Gherkin.Generator.Tests.Unit", "tests\Unit\Gherkin.Generator.Tests.Unit.csproj", "{DA23618C-9148-493F-AEB2-F44D0A7F460E}"
EndProject
Project("{2150E333-8FDC-42A3-9474-1A3956D46DE8}") = "Analyzer", "Analyzer", "{7B56765D-1CF3-A4F6-C477-81AC2FDFA2E9}"
EndProject
Project("{FAE04EC0-301F-11D3-BF4B-00C04F79EFBC}") = "Gherkin.Generator", "src\Analyzer\Gherkin.Generator.csproj", "{0640B63C-C916-4022-BBE5-9FBB14E616AA}"
EndProject
Global
	GlobalSection(SolutionConfigurationPlatforms) = preSolution
		Debug|Any CPU = Debug|Any CPU
		Debug|x64 = Debug|x64
		Debug|x86 = Debug|x86
		Release|Any CPU = Release|Any CPU
		Release|x64 = Release|x64
		Release|x86 = Release|x86
	EndGlobalSection
	GlobalSection(ProjectConfigurationPlatforms) = postSolution
		{254312DE-822D-4228-9AEB-AA384BAF1300}.Debug|Any CPU.ActiveCfg = Debug|Any CPU
		{254312DE-822D-4228-9AEB-AA384BAF1300}.Debug|Any CPU.Build.0 = Debug|Any CPU
		{254312DE-822D-4228-9AEB-AA384BAF1300}.Debug|x64.ActiveCfg = Debug|Any CPU
		{254312DE-822D-4228-9AEB-AA384BAF1300}.Debug|x64.Build.0 = Debug|Any CPU
		{254312DE-822D-4228-9AEB-AA384BAF1300}.Debug|x86.ActiveCfg = Debug|Any CPU
		{254312DE-822D-4228-9AEB-AA384BAF1300}.Debug|x86.Build.0 = Debug|Any CPU
		{254312DE-822D-4228-9AEB-AA384BAF1300}.Release|Any CPU.ActiveCfg = Release|Any CPU
		{254312DE-822D-4228-9AEB-AA384BAF1300}.Release|Any CPU.Build.0 = Release|Any CPU
		{254312DE-822D-4228-9AEB-AA384BAF1300}.Release|x64.ActiveCfg = Release|Any CPU
		{254312DE-822D-4228-9AEB-AA384BAF1300}.Release|x64.Build.0 = Release|Any CPU
		{254312DE-822D-4228-9AEB-AA384BAF1300}.Release|x86.ActiveCfg = Release|Any CPU
		{254312DE-822D-4228-9AEB-AA384BAF1300}.Release|x86.Build.0 = Release|Any CPU
		{DA23618C-9148-493F-AEB2-F44D0A7F460E}.Debug|Any CPU.ActiveCfg = Debug|Any CPU
		{DA23618C-9148-493F-AEB2-F44D0A7F460E}.Debug|Any CPU.Build.0 = Debug|Any CPU
		{DA23618C-9148-493F-AEB2-F44D0A7F460E}.Debug|x64.ActiveCfg = Debug|Any CPU
		{DA23618C-9148-493F-AEB2-F44D0A7F460E}.Debug|x64.Build.0 = Debug|Any CPU
		{DA23618C-9148-493F-AEB2-F44D0A7F460E}.Debug|x86.ActiveCfg = Debug|Any CPU
		{DA23618C-9148-493F-AEB2-F44D0A7F460E}.Debug|x86.Build.0 = Debug|Any CPU
		{DA23618C-9148-493F-AEB2-F44D0A7F460E}.Release|Any CPU.ActiveCfg = Release|Any CPU
		{DA23618C-9148-493F-AEB2-F44D0A7F460E}.Release|Any CPU.Build.0 = Release|Any CPU
		{DA23618C-9148-493F-AEB2-F44D0A7F460E}.Release|x64.ActiveCfg = Release|Any CPU
		{DA23618C-9148-493F-AEB2-F44D0A7F460E}.Release|x64.Build.0 = Release|Any CPU
		{DA23618C-9148-493F-AEB2-F44D0A7F460E}.Release|x86.ActiveCfg = Release|Any CPU
		{DA23618C-9148-493F-AEB2-F44D0A7F460E}.Release|x86.Build.0 = Release|Any CPU
		{0640B63C-C916-4022-BBE5-9FBB14E616AA}.Debug|Any CPU.ActiveCfg = Debug|Any CPU
		{0640B63C-C916-4022-BBE5-9FBB14E616AA}.Debug|Any CPU.Build.0 = Debug|Any CPU
		{0640B63C-C916-4022-BBE5-9FBB14E616AA}.Debug|x64.ActiveCfg = Debug|Any CPU
		{0640B63C-C916-4022-BBE5-9FBB14E616AA}.Debug|x64.Build.0 = Debug|Any CPU
		{0640B63C-C916-4022-BBE5-9FBB14E616AA}.Debug|x86.ActiveCfg = Debug|Any CPU
		{0640B63C-C916-4022-BBE5-9FBB14E616AA}.Debug|x86.Build.0 = Debug|Any CPU
		{0640B63C-C916-4022-BBE5-9FBB14E616AA}.Release|Any CPU.ActiveCfg = Release|Any CPU
		{0640B63C-C916-4022-BBE5-9FBB14E616AA}.Release|Any CPU.Build.0 = Release|Any CPU
		{0640B63C-C916-4022-BBE5-9FBB14E616AA}.Release|x64.ActiveCfg = Release|Any CPU
		{0640B63C-C916-4022-BBE5-9FBB14E616AA}.Release|x64.Build.0 = Release|Any CPU
		{0640B63C-C916-4022-BBE5-9FBB14E616AA}.Release|x86.ActiveCfg = Release|Any CPU
		{0640B63C-C916-4022-BBE5-9FBB14E616AA}.Release|x86.Build.0 = Release|Any CPU
	EndGlobalSection
	GlobalSection(SolutionProperties) = preSolution
		HideSolutionNode = FALSE
	EndGlobalSection
	GlobalSection(NestedProjects) = preSolution
		{254312DE-822D-4228-9AEB-AA384BAF1300} = {CD1BD126-F433-F6D4-4D6A-35C28CA08962}
		{9D556B49-86D1-93A7-9596-FFAAB74EC556} = {0AB3BF05-4346-4AA6-1389-037BE0695223}
		{DA23618C-9148-493F-AEB2-F44D0A7F460E} = {9D556B49-86D1-93A7-9596-FFAAB74EC556}
		{7B56765D-1CF3-A4F6-C477-81AC2FDFA2E9} = {CD1BD126-F433-F6D4-4D6A-35C28CA08962}
		{0640B63C-C916-4022-BBE5-9FBB14E616AA} = {7B56765D-1CF3-A4F6-C477-81AC2FDFA2E9}
	EndGlobalSection
EndGlobal
